
Microsoft Visual Studio Solution File, Format Version 12.00
# Visual Studio 14
VisualStudioVersion = 14.0.22823.1
MinimumVisualStudioVersion = 10.0.40219.1
Project("{FAE04EC0-301F-11D3-BF4B-00C04F79EFBC}") = "SampleAnalyzer", "SampleAnalyzer\SampleAnalyzer\SampleAnalyzer.csproj", "{D4C88571-B061-4240-B7E7-AFC2B3A20B0C}"
EndProject
Project("{FAE04EC0-301F-11D3-BF4B-00C04F79EFBC}") = "SampleAnalyzer.Test", "SampleAnalyzer\SampleAnalyzer.Test\SampleAnalyzer.Test.csproj", "{A7620511-6E9D-4444-9792-DBD69F0EDB8E}"
EndProject
Global
	GlobalSection(SolutionConfigurationPlatforms) = preSolution
		Debug|Any CPU = Debug|Any CPU
		Release|Any CPU = Release|Any CPU
	EndGlobalSection
	GlobalSection(ProjectConfigurationPlatforms) = postSolution
		{D4C88571-B061-4240-B7E7-AFC2B3A20B0C}.Debug|Any CPU.ActiveCfg = Debug|Any CPU
		{D4C88571-B061-4240-B7E7-AFC2B3A20B0C}.Debug|Any CPU.Build.0 = Debug|Any CPU
		{D4C88571-B061-4240-B7E7-AFC2B3A20B0C}.Release|Any CPU.ActiveCfg = Release|Any CPU
		{D4C88571-B061-4240-B7E7-AFC2B3A20B0C}.Release|Any CPU.Build.0 = Release|Any CPU
		{A7620511-6E9D-4444-9792-DBD69F0EDB8E}.Debug|Any CPU.ActiveCfg = Debug|Any CPU
		{A7620511-6E9D-4444-9792-DBD69F0EDB8E}.Debug|Any CPU.Build.0 = Debug|Any CPU
		{A7620511-6E9D-4444-9792-DBD69F0EDB8E}.Release|Any CPU.ActiveCfg = Release|Any CPU
		{A7620511-6E9D-4444-9792-DBD69F0EDB8E}.Release|Any CPU.Build.0 = Release|Any CPU
	EndGlobalSection
	GlobalSection(SolutionProperties) = preSolution
		HideSolutionNode = FALSE
	EndGlobalSection
EndGlobal
